// !$*UTF8*$!
{
	archiveVersion = 1;
	classes = {
	};
	objectVersion = 55;
	objects = {

/* Begin PBXBuildFile section */
		E7145770289B5B6400871D1D /* ModifiersApp.swift in Sources */ = {isa = PBXBuildFile; fileRef = E714576F289B5B6400871D1D /* ModifiersApp.swift */; };
		E7145772289B5B6400871D1D /* ContentView.swift in Sources */ = {isa = PBXBuildFile; fileRef = E7145771289B5B6400871D1D /* ContentView.swift */; };
		E7145774289B5B6400871D1D /* Assets.xcassets in Resources */ = {isa = PBXBuildFile; fileRef = E7145773289B5B6400871D1D /* Assets.xcassets */; };
		E7145777289B5B6400871D1D /* Preview Assets.xcassets in Resources */ = {isa = PBXBuildFile; fileRef = E7145776289B5B6400871D1D /* Preview Assets.xcassets */; };
		E7145781289B5B6500871D1D /* ModifiersTests.swift in Sources */ = {isa = PBXBuildFile; fileRef = E7145780289B5B6500871D1D /* ModifiersTests.swift */; };
		E714578B289B5B6500871D1D /* ModifiersUITests.swift in Sources */ = {isa = PBXBuildFile; fileRef = E714578A289B5B6500871D1D /* ModifiersUITests.swift */; };
		E714578D289B5B6500871D1D /* ModifiersUITestsLaunchTests.swift in Sources */ = {isa = PBXBuildFile; fileRef = E714578C289B5B6500871D1D /* ModifiersUITestsLaunchTests.swift */; };
/* End PBXBuildFile section */

/* Begin PBXContainerItemProxy section */
		E714577D289B5B6500871D1D /* PBXContainerItemProxy */ = {
			isa = PBXContainerItemProxy;
			containerPortal = E7145764289B5B6400871D1D /* Project object */;
			proxyType = 1;
			remoteGlobalIDString = E714576B289B5B6400871D1D;
			remoteInfo = Modifiers;
		};
		E7145787289B5B6500871D1D /* PBXContainerItemProxy */ = {
			isa = PBXContainerItemProxy;
			containerPortal = E7145764289B5B6400871D1D /* Project object */;
			proxyType = 1;
			remoteGlobalIDString = E714576B289B5B6400871D1D;
			remoteInfo = Modifiers;
		};
/* End PBXContainerItemProxy section */

/* Begin PBXFileReference section */
		E714576C289B5B6400871D1D /* Modifiers.app */ = {isa = PBXFileReference; explicitFileType = wrapper.application; includeInIndex = 0; path = Modifiers.app; sourceTree = BUILT_PRODUCTS_DIR; };
		E714576F289B5B6400871D1D /* ModifiersApp.swift */ = {isa = PBXFileReference; lastKnownFileType = sourcecode.swift; path = ModifiersApp.swift; sourceTree = "<group>"; };
		E7145771289B5B6400871D1D /* ContentView.swift */ = {isa = PBXFileReference; lastKnownFileType = sourcecode.swift; path = ContentView.swift; sourceTree = "<group>"; };
		E7145773289B5B6400871D1D /* Assets.xcassets */ = {isa = PBXFileReference; lastKnownFileType = folder.assetcatalog; path = Assets.xcassets; sourceTree = "<group>"; };
		E7145776289B5B6400871D1D /* Preview Assets.xcassets */ = {isa = PBXFileReference; lastKnownFileType = folder.assetcatalog; path = "Preview Assets.xcassets"; sourceTree = "<group>"; };
		E714577C289B5B6500871D1D /* ModifiersTests.xctest */ = {isa = PBXFileReference; explicitFileType = wrapper.cfbundle; includeInIndex = 0; path = ModifiersTests.xctest; sourceTree = BUILT_PRODUCTS_DIR; };
		E7145780289B5B6500871D1D /* ModifiersTests.swift */ = {isa = PBXFileReference; lastKnownFileType = sourcecode.swift; path = ModifiersTests.swift; sourceTree = "<group>"; };
		E7145786289B5B6500871D1D /* ModifiersUITests.xctest */ = {isa = PBXFileReference; explicitFileType = wrapper.cfbundle; includeInIndex = 0; path = ModifiersUITests.xctest; sourceTree = BUILT_PRODUCTS_DIR; };
		E714578A289B5B6500871D1D /* ModifiersUITests.swift */ = {isa = PBXFileReference; lastKnownFileType = sourcecode.swift; path = ModifiersUITests.swift; sourceTree = "<group>"; };
		E714578C289B5B6500871D1D /* ModifiersUITestsLaunchTests.swift */ = {isa = PBXFileReference; lastKnownFileType = sourcecode.swift; path = ModifiersUITestsLaunchTests.swift; sourceTree = "<group>"; };
/* End PBXFileReference section */

/* Begin PBXFrameworksBuildPhase section */
		E7145769289B5B6400871D1D /* Frameworks */ = {
			isa = PBXFrameworksBuildPhase;
			buildActionMask = 2147483647;
			files = (
			);
			runOnlyForDeploymentPostprocessing = 0;
		};
		E7145779289B5B6500871D1D /* Frameworks */ = {
			isa = PBXFrameworksBuildPhase;
			buildActionMask = 2147483647;
			files = (
			);
			runOnlyForDeploymentPostprocessing = 0;
		};
		E7145783289B5B6500871D1D /* Frameworks */ = {
			isa = PBXFrameworksBuildPhase;
			buildActionMask = 2147483647;
			files = (
			);
			runOnlyForDeploymentPostprocessing = 0;
		};
/* End PBXFrameworksBuildPhase section */

/* Begin PBXGroup section */
		E7145763289B5B6400871D1D = {
			isa = PBXGroup;
			children = (
				E714576E289B5B6400871D1D /* Modifiers */,
				E714577F289B5B6500871D1D /* ModifiersTests */,
				E7145789289B5B6500871D1D /* ModifiersUITests */,
				E714576D289B5B6400871D1D /* Products */,
			);
			sourceTree = "<group>";
		};
		E714576D289B5B6400871D1D /* Products */ = {
			isa = PBXGroup;
			children = (
				E714576C289B5B6400871D1D /* Modifiers.app */,
				E714577C289B5B6500871D1D /* ModifiersTests.xctest */,
				E7145786289B5B6500871D1D /* ModifiersUITests.xctest */,
			);
			name = Products;
			sourceTree = "<group>";
		};
		E714576E289B5B6400871D1D /* Modifiers */ = {
			isa = PBXGroup;
			children = (
				E714576F289B5B6400871D1D /* ModifiersApp.swift */,
				E7145771289B5B6400871D1D /* ContentView.swift */,
				E7145773289B5B6400871D1D /* Assets.xcassets */,
				E7145775289B5B6400871D1D /* Preview Content */,
			);
			path = Modifiers;
			sourceTree = "<group>";
		};
		E7145775289B5B6400871D1D /* Preview Content */ = {
			isa = PBXGroup;
			children = (
				E7145776289B5B6400871D1D /* Preview Assets.xcassets */,
			);
			path = "Preview Content";
			sourceTree = "<group>";
		};
		E714577F289B5B6500871D1D /* ModifiersTests */ = {
			isa = PBXGroup;
			children = (
				E7145780289B5B6500871D1D /* ModifiersTests.swift */,
			);
			path = ModifiersTests;
			sourceTree = "<group>";
		};
		E7145789289B5B6500871D1D /* ModifiersUITests */ = {
			isa = PBXGroup;
			children = (
				E714578A289B5B6500871D1D /* ModifiersUITests.swift */,
				E714578C289B5B6500871D1D /* ModifiersUITestsLaunchTests.swift */,
			);
			path = ModifiersUITests;
			sourceTree = "<group>";
		};
/* End PBXGroup section */

/* Begin PBXNativeTarget section */
		E714576B289B5B6400871D1D /* Modifiers */ = {
			isa = PBXNativeTarget;
			buildConfigurationList = E7145790289B5B6500871D1D /* Build configuration list for PBXNativeTarget "Modifiers" */;
			buildPhases = (
				E7145768289B5B6400871D1D /* Sources */,
				E7145769289B5B6400871D1D /* Frameworks */,
				E714576A289B5B6400871D1D /* Resources */,
			);
			buildRules = (
			);
			dependencies = (
			);
			name = Modifiers;
			productName = Modifiers;
			productReference = E714576C289B5B6400871D1D /* Modifiers.app */;
			productType = "com.apple.product-type.application";
		};
		E714577B289B5B6500871D1D /* ModifiersTests */ = {
			isa = PBXNativeTarget;
			buildConfigurationList = E7145793289B5B6500871D1D /* Build configuration list for PBXNativeTarget "ModifiersTests" */;
			buildPhases = (
				E7145778289B5B6500871D1D /* Sources */,
				E7145779289B5B6500871D1D /* Frameworks */,
				E714577A289B5B6500871D1D /* Resources */,
			);
			buildRules = (
			);
			dependencies = (
				E714577E289B5B6500871D1D /* PBXTargetDependency */,
			);
			name = ModifiersTests;
			productName = ModifiersTests;
			productReference = E714577C289B5B6500871D1D /* ModifiersTests.xctest */;
			productType = "com.apple.product-type.bundle.unit-test";
		};
		E7145785289B5B6500871D1D /* ModifiersUITests */ = {
			isa = PBXNativeTarget;
			buildConfigurationList = E7145796289B5B6500871D1D /* Build configuration list for PBXNativeTarget "ModifiersUITests" */;
			buildPhases = (
				E7145782289B5B6500871D1D /* Sources */,
				E7145783289B5B6500871D1D /* Frameworks */,
				E7145784289B5B6500871D1D /* Resources */,
			);
			buildRules = (
			);
			dependencies = (
				E7145788289B5B6500871D1D /* PBXTargetDependency */,
			);
			name = ModifiersUITests;
			productName = ModifiersUITests;
			productReference = E7145786289B5B6500871D1D /* ModifiersUITests.xctest */;
			productType = "com.apple.product-type.bundle.ui-testing";
		};
/* End PBXNativeTarget section */

/* Begin PBXProject section */
		E7145764289B5B6400871D1D /* Project object */ = {
			isa = PBXProject;
			attributes = {
				BuildIndependentTargetsInParallel = 1;
				LastSwiftUpdateCheck = 1340;
				LastUpgradeCheck = 1340;
				TargetAttributes = {
					E714576B289B5B6400871D1D = {
						CreatedOnToolsVersion = 13.4.1;
					};
					E714577B289B5B6500871D1D = {
						CreatedOnToolsVersion = 13.4.1;
						TestTargetID = E714576B289B5B6400871D1D;
					};
					E7145785289B5B6500871D1D = {
						CreatedOnToolsVersion = 13.4.1;
						TestTargetID = E714576B289B5B6400871D1D;
					};
				};
			};
			buildConfigurationList = E7145767289B5B6400871D1D /* Build configuration list for PBXProject "Modifiers" */;
			compatibilityVersion = "Xcode 13.0";
			developmentRegion = en;
			hasScannedForEncodings = 0;
			knownRegions = (
				en,
				Base,
			);
			mainGroup = E7145763289B5B6400871D1D;
			productRefGroup = E714576D289B5B6400871D1D /* Products */;
			projectDirPath = "";
			projectRoot = "";
			targets = (
				E714576B289B5B6400871D1D /* Modifiers */,
				E714577B289B5B6500871D1D /* ModifiersTests */,
				E7145785289B5B6500871D1D /* ModifiersUITests */,
			);
		};
/* End PBXProject section */

/* Begin PBXResourcesBuildPhase section */
		E714576A289B5B6400871D1D /* Resources */ = {
			isa = PBXResourcesBuildPhase;
			buildActionMask = 2147483647;
			files = (
				E7145777289B5B6400871D1D /* Preview Assets.xcassets in Resources */,
				E7145774289B5B6400871D1D /* Assets.xcassets in Resources */,
			);
			runOnlyForDeploymentPostprocessing = 0;
		};
		E714577A289B5B6500871D1D /* Resources */ = {
			isa = PBXResourcesBuildPhase;
			buildActionMask = 2147483647;
			files = (
			);
			runOnlyForDeploymentPostprocessing = 0;
		};
		E7145784289B5B6500871D1D /* Resources */ = {
			isa = PBXResourcesBuildPhase;
			buildActionMask = 2147483647;
			files = (
			);
			runOnlyForDeploymentPostprocessing = 0;
		};
/* End PBXResourcesBuildPhase section */

/* Begin PBXSourcesBuildPhase section */
		E7145768289B5B6400871D1D /* Sources */ = {
			isa = PBXSourcesBuildPhase;
			buildActionMask = 2147483647;
			files = (
				E7145772289B5B6400871D1D /* ContentView.swift in Sources */,
				E7145770289B5B6400871D1D /* ModifiersApp.swift in Sources */,
			);
			runOnlyForDeploymentPostprocessing = 0;
		};
		E7145778289B5B6500871D1D /* Sources */ = {
			isa = PBXSourcesBuildPhase;
			buildActionMask = 2147483647;
			files = (
				E7145781289B5B6500871D1D /* ModifiersTests.swift in Sources */,
			);
			runOnlyForDeploymentPostprocessing = 0;
		};
		E7145782289B5B6500871D1D /* Sources */ = {
			isa = PBXSourcesBuildPhase;
			buildActionMask = 2147483647;
			files = (
				E714578B289B5B6500871D1D /* ModifiersUITests.swift in Sources */,
				E714578D289B5B6500871D1D /* ModifiersUITestsLaunchTests.swift in Sources */,
			);
			runOnlyForDeploymentPostprocessing = 0;
		};
/* End PBXSourcesBuildPhase section */

/* Begin PBXTargetDependency section */
		E714577E289B5B6500871D1D /* PBXTargetDependency */ = {
			isa = PBXTargetDependency;
			target = E714576B289B5B6400871D1D /* Modifiers */;
			targetProxy = E714577D289B5B6500871D1D /* PBXContainerItemProxy */;
		};
		E7145788289B5B6500871D1D /* PBXTargetDependency */ = {
			isa = PBXTargetDependency;
			target = E714576B289B5B6400871D1D /* Modifiers */;
			targetProxy = E7145787289B5B6500871D1D /* PBXContainerItemProxy */;
		};
/* End PBXTargetDependency section */

/* Begin XCBuildConfiguration section */
		E714578E289B5B6500871D1D /* Debug */ = {
			isa = XCBuildConfiguration;
			buildSettings = {
				ALWAYS_SEARCH_USER_PATHS = NO;
				CLANG_ANALYZER_NONNULL = YES;
				CLANG_ANALYZER_NUMBER_OBJECT_CONVERSION = YES_AGGRESSIVE;
				CLANG_CXX_LANGUAGE_STANDARD = "gnu++17";
				CLANG_ENABLE_MODULES = YES;
				CLANG_ENABLE_OBJC_ARC = YES;
				CLANG_ENABLE_OBJC_WEAK = YES;
				CLANG_WARN_BLOCK_CAPTURE_AUTORELEASING = YES;
				CLANG_WARN_BOOL_CONVERSION = YES;
				CLANG_WARN_COMMA = YES;
				CLANG_WARN_CONSTANT_CONVERSION = YES;
				CLANG_WARN_DEPRECATED_OBJC_IMPLEMENTATIONS = YES;
				CLANG_WARN_DIRECT_OBJC_ISA_USAGE = YES_ERROR;
				CLANG_WARN_DOCUMENTATION_COMMENTS = YES;
				CLANG_WARN_EMPTY_BODY = YES;
				CLANG_WARN_ENUM_CONVERSION = YES;
				CLANG_WARN_INFINITE_RECURSION = YES;
				CLANG_WARN_INT_CONVERSION = YES;
				CLANG_WARN_NON_LITERAL_NULL_CONVERSION = YES;
				CLANG_WARN_OBJC_IMPLICIT_RETAIN_SELF = YES;
				CLANG_WARN_OBJC_LITERAL_CONVERSION = YES;
				CLANG_WARN_OBJC_ROOT_CLASS = YES_ERROR;
				CLANG_WARN_QUOTED_INCLUDE_IN_FRAMEWORK_HEADER = YES;
				CLANG_WARN_RANGE_LOOP_ANALYSIS = YES;
				CLANG_WARN_STRICT_PROTOTYPES = YES;
				CLANG_WARN_SUSPICIOUS_MOVE = YES;
				CLANG_WARN_UNGUARDED_AVAILABILITY = YES_AGGRESSIVE;
				CLANG_WARN_UNREACHABLE_CODE = YES;
				CLANG_WARN__DUPLICATE_METHOD_MATCH = YES;
				COPY_PHASE_STRIP = NO;
				DEBUG_INFORMATION_FORMAT = dwarf;
				ENABLE_STRICT_OBJC_MSGSEND = YES;
				ENABLE_TESTABILITY = YES;
				GCC_C_LANGUAGE_STANDARD = gnu11;
				GCC_DYNAMIC_NO_PIC = NO;
				GCC_NO_COMMON_BLOCKS = YES;
				GCC_OPTIMIZATION_LEVEL = 0;
				GCC_PREPROCESSOR_DEFINITIONS = (
					"DEBUG=1",
					"$(inherited)",
				);
				GCC_WARN_64_TO_32_BIT_CONVERSION = YES;
				GCC_WARN_ABOUT_RETURN_TYPE = YES_ERROR;
				GCC_WARN_UNDECLARED_SELECTOR = YES;
				GCC_WARN_UNINITIALIZED_AUTOS = YES_AGGRESSIVE;
				GCC_WARN_UNUSED_FUNCTION = YES;
				GCC_WARN_UNUSED_VARIABLE = YES;
				IPHONEOS_DEPLOYMENT_TARGET = 15.5;
				MTL_ENABLE_DEBUG_INFO = INCLUDE_SOURCE;
				MTL_FAST_MATH = YES;
				ONLY_ACTIVE_ARCH = YES;
				SDKROOT = iphoneos;
				SWIFT_ACTIVE_COMPILATION_CONDITIONS = DEBUG;
				SWIFT_OPTIMIZATION_LEVEL = "-Onone";
			};
			name = Debug;
		};
		E714578F289B5B6500871D1D /* Release */ = {
			isa = XCBuildConfiguration;
			buildSettings = {
				ALWAYS_SEARCH_USER_PATHS = NO;
				CLANG_ANALYZER_NONNULL = YES;
				CLANG_ANALYZER_NUMBER_OBJECT_CONVERSION = YES_AGGRESSIVE;
				CLANG_CXX_LANGUAGE_STANDARD = "gnu++17";
				CLANG_ENABLE_MODULES = YES;
				CLANG_ENABLE_OBJC_ARC = YES;
				CLANG_ENABLE_OBJC_WEAK = YES;
				CLANG_WARN_BLOCK_CAPTURE_AUTORELEASING = YES;
				CLANG_WARN_BOOL_CONVERSION = YES;
				CLANG_WARN_COMMA = YES;
				CLANG_WARN_CONSTANT_CONVERSION = YES;
				CLANG_WARN_DEPRECATED_OBJC_IMPLEMENTATIONS = YES;
				CLANG_WARN_DIRECT_OBJC_ISA_USAGE = YES_ERROR;
				CLANG_WARN_DOCUMENTATION_COMMENTS = YES;
				CLANG_WARN_EMPTY_BODY = YES;
				CLANG_WARN_ENUM_CONVERSION = YES;
				CLANG_WARN_INFINITE_RECURSION = YES;
				CLANG_WARN_INT_CONVERSION = YES;
				CLANG_WARN_NON_LITERAL_NULL_CONVERSION = YES;
				CLANG_WARN_OBJC_IMPLICIT_RETAIN_SELF = YES;
				CLANG_WARN_OBJC_LITERAL_CONVERSION = YES;
				CLANG_WARN_OBJC_ROOT_CLASS = YES_ERROR;
				CLANG_WARN_QUOTED_INCLUDE_IN_FRAMEWORK_HEADER = YES;
				CLANG_WARN_RANGE_LOOP_ANALYSIS = YES;
				CLANG_WARN_STRICT_PROTOTYPES = YES;
				CLANG_WARN_SUSPICIOUS_MOVE = YES;
				CLANG_WARN_UNGUARDED_AVAILABILITY = YES_AGGRESSIVE;
				CLANG_WARN_UNREACHABLE_CODE = YES;
				CLANG_WARN__DUPLICATE_METHOD_MATCH = YES;
				COPY_PHASE_STRIP = NO;
				DEBUG_INFORMATION_FORMAT = "dwarf-with-dsym";
				ENABLE_NS_ASSERTIONS = NO;
				ENABLE_STRICT_OBJC_MSGSEND = YES;
				GCC_C_LANGUAGE_STANDARD = gnu11;
				GCC_NO_COMMON_BLOCKS = YES;
				GCC_WARN_64_TO_32_BIT_CONVERSION = YES;
				GCC_WARN_ABOUT_RETURN_TYPE = YES_ERROR;
				GCC_WARN_UNDECLARED_SELECTOR = YES;
				GCC_WARN_UNINITIALIZED_AUTOS = YES_AGGRESSIVE;
				GCC_WARN_UNUSED_FUNCTION = YES;
				GCC_WARN_UNUSED_VARIABLE = YES;
				IPHONEOS_DEPLOYMENT_TARGET = 15.5;
				MTL_ENABLE_DEBUG_INFO = NO;
				MTL_FAST_MATH = YES;
				SDKROOT = iphoneos;
				SWIFT_COMPILATION_MODE = wholemodule;
				SWIFT_OPTIMIZATION_LEVEL = "-O";
				VALIDATE_PRODUCT = YES;
			};
			name = Release;
		};
		E7145791289B5B6500871D1D /* Debug */ = {
			isa = XCBuildConfiguration;
			buildSettings = {
				ASSETCATALOG_COMPILER_APPICON_NAME = AppIcon;
				ASSETCATALOG_COMPILER_GLOBAL_ACCENT_COLOR_NAME = AccentColor;
				CODE_SIGN_STYLE = Automatic;
				CURRENT_PROJECT_VERSION = 1;
				DEVELOPMENT_ASSET_PATHS = "\"Modifiers/Preview Content\"";
				DEVELOPMENT_TEAM = 4H2C7B7QRQ;
				ENABLE_PREVIEWS = YES;
				GENERATE_INFOPLIST_FILE = YES;
				INFOPLIST_KEY_UIApplicationSceneManifest_Generation = YES;
				INFOPLIST_KEY_UIApplicationSupportsIndirectInputEvents = YES;
				INFOPLIST_KEY_UILaunchScreen_Generation = YES;
				INFOPLIST_KEY_UISupportedInterfaceOrientations_iPad = "UIInterfaceOrientationPortrait UIInterfaceOrientationPortraitUpsideDown UIInterfaceOrientationLandscapeLeft UIInterfaceOrientationLandscapeRight";
				INFOPLIST_KEY_UISupportedInterfaceOrientations_iPhone = "UIInterfaceOrientationPortrait UIInterfaceOrientationLandscapeLeft UIInterfaceOrientationLandscapeRight";
				LD_RUNPATH_SEARCH_PATHS = (
					"$(inherited)",
					"@executable_path/Frameworks",
				);
				MARKETING_VERSION = 1.0;
				PRODUCT_BUNDLE_IDENTIFIER = com.BarryBBarron.Modifiers.Modifiers;
				PRODUCT_NAME = "$(TARGET_NAME)";
				SWIFT_EMIT_LOC_STRINGS = YES;
				SWIFT_VERSION = 5.0;
				TARGETED_DEVICE_FAMILY = "1,2";
			};
			name = Debug;
		};
		E7145792289B5B6500871D1D /* Release */ = {
			isa = XCBuildConfiguration;
			buildSettings = {
				ASSETCATALOG_COMPILER_APPICON_NAME = AppIcon;
				ASSETCATALOG_COMPILER_GLOBAL_ACCENT_COLOR_NAME = AccentColor;
				CODE_SIGN_STYLE = Automatic;
				CURRENT_PROJECT_VERSION = 1;
				DEVELOPMENT_ASSET_PATHS = "\"Modifiers/Preview Content\"";
				DEVELOPMENT_TEAM = 4H2C7B7QRQ;
				ENABLE_PREVIEWS = YES;
				GENERATE_INFOPLIST_FILE = YES;
				INFOPLIST_KEY_UIApplicationSceneManifest_Generation = YES;
				INFOPLIST_KEY_UIApplicationSupportsIndirectInputEvents = YES;
				INFOPLIST_KEY_UILaunchScreen_Generation = YES;
				INFOPLIST_KEY_UISupportedInterfaceOrientations_iPad = "UIInterfaceOrientationPortrait UIInterfaceOrientationPortraitUpsideDown UIInterfaceOrientationLandscapeLeft UIInterfaceOrientationLandscapeRight";
				INFOPLIST_KEY_UISupportedInterfaceOrientations_iPhone = "UIInterfaceOrientationPortrait UIInterfaceOrientationLandscapeLeft UIInterfaceOrientationLandscapeRight";
				LD_RUNPATH_SEARCH_PATHS = (
					"$(inherited)",
					"@executable_path/Frameworks",
				);
				MARKETING_VERSION = 1.0;
				PRODUCT_BUNDLE_IDENTIFIER = com.BarryBBarron.Modifiers.Modifiers;
				PRODUCT_NAME = "$(TARGET_NAME)";
				SWIFT_EMIT_LOC_STRINGS = YES;
				SWIFT_VERSION = 5.0;
				TARGETED_DEVICE_FAMILY = "1,2";
			};
			name = Release;
		};
		E7145794289B5B6500871D1D /* Debug */ = {
			isa = XCBuildConfiguration;
			buildSettings = {
				ALWAYS_EMBED_SWIFT_STANDARD_LIBRARIES = YES;
				BUNDLE_LOADER = "$(TEST_HOST)";
				CODE_SIGN_STYLE = Automatic;
				CURRENT_PROJECT_VERSION = 1;
				DEVELOPMENT_TEAM = 4H2C7B7QRQ;
				GENERATE_INFOPLIST_FILE = YES;
				IPHONEOS_DEPLOYMENT_TARGET = 15.5;
				MARKETING_VERSION = 1.0;
				PRODUCT_BUNDLE_IDENTIFIER = com.BarryBBarron.Modifiers.ModifiersTests;
				PRODUCT_NAME = "$(TARGET_NAME)";
				SWIFT_EMIT_LOC_STRINGS = NO;
				SWIFT_VERSION = 5.0;
				TARGETED_DEVICE_FAMILY = "1,2";
				TEST_HOST = "$(BUILT_PRODUCTS_DIR)/Modifiers.app/Modifiers";
			};
			name = Debug;
		};
		E7145795289B5B6500871D1D /* Release */ = {
			isa = XCBuildConfiguration;
			buildSettings = {
				ALWAYS_EMBED_SWIFT_STANDARD_LIBRARIES = YES;
				BUNDLE_LOADER = "$(TEST_HOST)";
				CODE_SIGN_STYLE = Automatic;
				CURRENT_PROJECT_VERSION = 1;
				DEVELOPMENT_TEAM = 4H2C7B7QRQ;
				GENERATE_INFOPLIST_FILE = YES;
				IPHONEOS_DEPLOYMENT_TARGET = 15.5;
				MARKETING_VERSION = 1.0;
				PRODUCT_BUNDLE_IDENTIFIER = com.BarryBBarron.Modifiers.ModifiersTests;
				PRODUCT_NAME = "$(TARGET_NAME)";
				SWIFT_EMIT_LOC_STRINGS = NO;
				SWIFT_VERSION = 5.0;
				TARGETED_DEVICE_FAMILY = "1,2";
				TEST_HOST = "$(BUILT_PRODUCTS_DIR)/Modifiers.app/Modifiers";
			};
			name = Release;
		};
		E7145797289B5B6500871D1D /* Debug */ = {
			isa = XCBuildConfiguration;
			buildSettings = {
				ALWAYS_EMBED_SWIFT_STANDARD_LIBRARIES = YES;
				CODE_SIGN_STYLE = Automatic;
				CURRENT_PROJECT_VERSION = 1;
				DEVELOPMENT_TEAM = 4H2C7B7QRQ;
				GENERATE_INFOPLIST_FILE = YES;
				MARKETING_VERSION = 1.0;
				PRODUCT_BUNDLE_IDENTIFIER = com.BarryBBarron.Modifiers.ModifiersUITests;
				PRODUCT_NAME = "$(TARGET_NAME)";
				SWIFT_EMIT_LOC_STRINGS = NO;
				SWIFT_VERSION = 5.0;
				TARGETED_DEVICE_FAMILY = "1,2";
				TEST_TARGET_NAME = Modifiers;
			};
			name = Debug;
		};
		E7145798289B5B6500871D1D /* Release */ = {
			isa = XCBuildConfiguration;
			buildSettings = {
				ALWAYS_EMBED_SWIFT_STANDARD_LIBRARIES = YES;
				CODE_SIGN_STYLE = Automatic;
				CURRENT_PROJECT_VERSION = 1;
				DEVELOPMENT_TEAM = 4H2C7B7QRQ;
				GENERATE_INFOPLIST_FILE = YES;
				MARKETING_VERSION = 1.0;
				PRODUCT_BUNDLE_IDENTIFIER = com.BarryBBarron.Modifiers.ModifiersUITests;
				PRODUCT_NAME = "$(TARGET_NAME)";
				SWIFT_EMIT_LOC_STRINGS = NO;
				SWIFT_VERSION = 5.0;
				TARGETED_DEVICE_FAMILY = "1,2";
				TEST_TARGET_NAME = Modifiers;
			};
			name = Release;
		};
/* End XCBuildConfiguration section */

/* Begin XCConfigurationList section */
		E7145767289B5B6400871D1D /* Build configuration list for PBXProject "Modifiers" */ = {
			isa = XCConfigurationList;
			buildConfigurations = (
				E714578E289B5B6500871D1D /* Debug */,
				E714578F289B5B6500871D1D /* Release */,
			);
			defaultConfigurationIsVisible = 0;
			defaultConfigurationName = Release;
		};
		E7145790289B5B6500871D1D /* Build configuration list for PBXNativeTarget "Modifiers" */ = {
			isa = XCConfigurationList;
			buildConfigurations = (
				E7145791289B5B6500871D1D /* Debug */,
				E7145792289B5B6500871D1D /* Release */,
			);
			defaultConfigurationIsVisible = 0;
			defaultConfigurationName = Release;
		};
		E7145793289B5B6500871D1D /* Build configuration list for PBXNativeTarget "ModifiersTests" */ = {
			isa = XCConfigurationList;
			buildConfigurations = (
				E7145794289B5B6500871D1D /* Debug */,
				E7145795289B5B6500871D1D /* Release */,
			);
			defaultConfigurationIsVisible = 0;
			defaultConfigurationName = Release;
		};
		E7145796289B5B6500871D1D /* Build configuration list for PBXNativeTarget "ModifiersUITests" */ = {
			isa = XCConfigurationList;
			buildConfigurations = (
				E7145797289B5B6500871D1D /* Debug */,
				E7145798289B5B6500871D1D /* Release */,
			);
			defaultConfigurationIsVisible = 0;
			defaultConfigurationName = Release;
		};
/* End XCConfigurationList section */
	};
	rootObject = E7145764289B5B6400871D1D /* Project object */;
}
